
Microsoft Visual Studio Solution File, Format Version 12.00
# Visual Studio 15
VisualStudioVersion = 15.0.28307.902
MinimumVisualStudioVersion = 10.0.40219.1
Project("{FAE04EC0-301F-11D3-BF4B-00C04F79EFBC}") = "UnitOfWork_Repo_GUID", "UnitOfWork_Repo_GUID\UnitOfWork_Repo_GUID.csproj", "{44389292-1F89-419E-90A0-047F6C4030B5}"
EndProject
Project("{FAE04EC0-301F-11D3-BF4B-00C04F79EFBC}") = "DataAccessLayer", "DataAccessLayer\DataAccessLayer.csproj", "{35E65CED-10BE-4B42-9DB0-B0C336DFD570}"
EndProject
Project("{FAE04EC0-301F-11D3-BF4B-00C04F79EFBC}") = "BusinessAccessLayer", "BusinessAccessLayer\BusinessAccessLayer.csproj", "{0E2FEB36-FC74-4304-BF6F-8C0BF3621495}"
EndProject
Project("{FAE04EC0-301F-11D3-BF4B-00C04F79EFBC}") = "DataTransferObject", "DataTransferObject\DataTransferObject.csproj", "{C50E898B-22B4-4793-B3EC-2FC24AF0094F}"
EndProject
Project("{FAE04EC0-301F-11D3-BF4B-00C04F79EFBC}") = "UnitOfWorkLayer", "UnitOfWorkLayer\UnitOfWorkLayer.csproj", "{3D3CBE99-6373-429D-ADA9-54D799977A12}"
EndProject
Global
	GlobalSection(SolutionConfigurationPlatforms) = preSolution
		Debug|Any CPU = Debug|Any CPU
		Release|Any CPU = Release|Any CPU
	EndGlobalSection
	GlobalSection(ProjectConfigurationPlatforms) = postSolution
		{44389292-1F89-419E-90A0-047F6C4030B5}.Debug|Any CPU.ActiveCfg = Debug|Any CPU
		{44389292-1F89-419E-90A0-047F6C4030B5}.Debug|Any CPU.Build.0 = Debug|Any CPU
		{44389292-1F89-419E-90A0-047F6C4030B5}.Release|Any CPU.ActiveCfg = Release|Any CPU
		{44389292-1F89-419E-90A0-047F6C4030B5}.Release|Any CPU.Build.0 = Release|Any CPU
		{35E65CED-10BE-4B42-9DB0-B0C336DFD570}.Debug|Any CPU.ActiveCfg = Debug|Any CPU
		{35E65CED-10BE-4B42-9DB0-B0C336DFD570}.Debug|Any CPU.Build.0 = Debug|Any CPU
		{35E65CED-10BE-4B42-9DB0-B0C336DFD570}.Release|Any CPU.ActiveCfg = Release|Any CPU
		{35E65CED-10BE-4B42-9DB0-B0C336DFD570}.Release|Any CPU.Build.0 = Release|Any CPU
		{0E2FEB36-FC74-4304-BF6F-8C0BF3621495}.Debug|Any CPU.ActiveCfg = Debug|Any CPU
		{0E2FEB36-FC74-4304-BF6F-8C0BF3621495}.Debug|Any CPU.Build.0 = Debug|Any CPU
		{0E2FEB36-FC74-4304-BF6F-8C0BF3621495}.Release|Any CPU.ActiveCfg = Release|Any CPU
		{0E2FEB36-FC74-4304-BF6F-8C0BF3621495}.Release|Any CPU.Build.0 = Release|Any CPU
		{C50E898B-22B4-4793-B3EC-2FC24AF0094F}.Debug|Any CPU.ActiveCfg = Debug|Any CPU
		{C50E898B-22B4-4793-B3EC-2FC24AF0094F}.Debug|Any CPU.Build.0 = Debug|Any CPU
		{C50E898B-22B4-4793-B3EC-2FC24AF0094F}.Release|Any CPU.ActiveCfg = Release|Any CPU
		{C50E898B-22B4-4793-B3EC-2FC24AF0094F}.Release|Any CPU.Build.0 = Release|Any CPU
		{3D3CBE99-6373-429D-ADA9-54D799977A12}.Debug|Any CPU.ActiveCfg = Debug|Any CPU
		{3D3CBE99-6373-429D-ADA9-54D799977A12}.Debug|Any CPU.Build.0 = Debug|Any CPU
		{3D3CBE99-6373-429D-ADA9-54D799977A12}.Release|Any CPU.ActiveCfg = Release|Any CPU
		{3D3CBE99-6373-429D-ADA9-54D799977A12}.Release|Any CPU.Build.0 = Release|Any CPU
	EndGlobalSection
	GlobalSection(SolutionProperties) = preSolution
		HideSolutionNode = FALSE
	EndGlobalSection
	GlobalSection(ExtensibilityGlobals) = postSolution
		SolutionGuid = {BEF5C9EE-733E-432B-893F-999FAE2BD6AE}
	EndGlobalSection
EndGlobal
